
Microsoft Visual Studio Solution File, Format Version 12.00
# Visual Studio 14
VisualStudioVersion = 14.0.23107.0
MinimumVisualStudioVersion = 10.0.40219.1
Project("{FAE04EC0-301F-11D3-BF4B-00C04F79EFBC}") = "Iris.Infrastructure", "Iris.Infrastructure\Iris.Infrastructure.csproj", "{CA44EC67-007C-450D-89B1-DD145C5B4895}"
EndProject
Project("{FAE04EC0-301F-11D3-BF4B-00C04F79EFBC}") = "Iris.Core", "Iris.Core\Iris.Core.csproj", "{F3DED005-50B5-43CF-ABEA-D57985DF421F}"
EndProject
Project("{FAE04EC0-301F-11D3-BF4B-00C04F79EFBC}") = "Iris.WinForms", "Iris.WinForms\Iris.WinForms.csproj", "{E057D4FC-97D0-459F-AE90-48AD87297D81}"
EndProject
Project("{FAE04EC0-301F-11D3-BF4B-00C04F79EFBC}") = "Iris.Network", "Iris.Network\Iris.Network.csproj", "{7FE7057D-52B6-47A0-B39B-6E77EB11DF11}"
EndProject
Project("{FAE04EC0-301F-11D3-BF4B-00C04F79EFBC}") = "Iris.Environment.Win32", "Iris.Environment.Win32\Iris.Environment.Win32.csproj", "{4347D73D-86EA-4DF5-A5B0-10C86A532141}"
EndProject
Project("{2150E333-8FDC-42A3-9474-1A3956D46DE8}") = "Core", "Core", "{4EFEC80F-A550-459D-8990-D0DB11C683F5}"
EndProject
Project("{2150E333-8FDC-42A3-9474-1A3956D46DE8}") = "Test", "Test", "{49038564-54D7-4F70-B9F8-344E9E5E9040}"
EndProject
Project("{FAE04EC0-301F-11D3-BF4B-00C04F79EFBC}") = "Iris.Core.Tests", "Iris.Core.Tests\Iris.Core.Tests.csproj", "{C6EC965E-4056-4606-960A-6F8C9EC13BC3}"
EndProject
Global
	GlobalSection(SolutionConfigurationPlatforms) = preSolution
		Debug|Any CPU = Debug|Any CPU
		Release|Any CPU = Release|Any CPU
	EndGlobalSection
	GlobalSection(ProjectConfigurationPlatforms) = postSolution
		{CA44EC67-007C-450D-89B1-DD145C5B4895}.Debug|Any CPU.ActiveCfg = Debug|Any CPU
		{CA44EC67-007C-450D-89B1-DD145C5B4895}.Debug|Any CPU.Build.0 = Debug|Any CPU
		{CA44EC67-007C-450D-89B1-DD145C5B4895}.Release|Any CPU.ActiveCfg = Release|Any CPU
		{CA44EC67-007C-450D-89B1-DD145C5B4895}.Release|Any CPU.Build.0 = Release|Any CPU
		{F3DED005-50B5-43CF-ABEA-D57985DF421F}.Debug|Any CPU.ActiveCfg = Debug|Any CPU
		{F3DED005-50B5-43CF-ABEA-D57985DF421F}.Debug|Any CPU.Build.0 = Debug|Any CPU
		{F3DED005-50B5-43CF-ABEA-D57985DF421F}.Release|Any CPU.ActiveCfg = Release|Any CPU
		{F3DED005-50B5-43CF-ABEA-D57985DF421F}.Release|Any CPU.Build.0 = Release|Any CPU
		{E057D4FC-97D0-459F-AE90-48AD87297D81}.Debug|Any CPU.ActiveCfg = Debug|Any CPU
		{E057D4FC-97D0-459F-AE90-48AD87297D81}.Debug|Any CPU.Build.0 = Debug|Any CPU
		{E057D4FC-97D0-459F-AE90-48AD87297D81}.Release|Any CPU.ActiveCfg = Release|Any CPU
		{E057D4FC-97D0-459F-AE90-48AD87297D81}.Release|Any CPU.Build.0 = Release|Any CPU
		{7FE7057D-52B6-47A0-B39B-6E77EB11DF11}.Debug|Any CPU.ActiveCfg = Debug|Any CPU
		{7FE7057D-52B6-47A0-B39B-6E77EB11DF11}.Debug|Any CPU.Build.0 = Debug|Any CPU
		{7FE7057D-52B6-47A0-B39B-6E77EB11DF11}.Release|Any CPU.ActiveCfg = Release|Any CPU
		{7FE7057D-52B6-47A0-B39B-6E77EB11DF11}.Release|Any CPU.Build.0 = Release|Any CPU
		{4347D73D-86EA-4DF5-A5B0-10C86A532141}.Debug|Any CPU.ActiveCfg = Debug|Any CPU
		{4347D73D-86EA-4DF5-A5B0-10C86A532141}.Debug|Any CPU.Build.0 = Debug|Any CPU
		{4347D73D-86EA-4DF5-A5B0-10C86A532141}.Release|Any CPU.ActiveCfg = Release|Any CPU
		{4347D73D-86EA-4DF5-A5B0-10C86A532141}.Release|Any CPU.Build.0 = Release|Any CPU
		{C6EC965E-4056-4606-960A-6F8C9EC13BC3}.Debug|Any CPU.ActiveCfg = Debug|Any CPU
		{C6EC965E-4056-4606-960A-6F8C9EC13BC3}.Debug|Any CPU.Build.0 = Debug|Any CPU
		{C6EC965E-4056-4606-960A-6F8C9EC13BC3}.Release|Any CPU.ActiveCfg = Release|Any CPU
		{C6EC965E-4056-4606-960A-6F8C9EC13BC3}.Release|Any CPU.Build.0 = Release|Any CPU
	EndGlobalSection
	GlobalSection(SolutionProperties) = preSolution
		HideSolutionNode = FALSE
	EndGlobalSection
	GlobalSection(NestedProjects) = preSolution
		{C6EC965E-4056-4606-960A-6F8C9EC13BC3} = {49038564-54D7-4F70-B9F8-344E9E5E9040}
	EndGlobalSection
EndGlobal
